
Microsoft Visual Studio Solution File, Format Version 12.00
# Visual Studio 15
VisualStudioVersion = 15.0.28307.106
MinimumVisualStudioVersion = 10.0.40219.1
Project("{8BC9CEB8-8B4A-11D0-8D11-00A0C91BC942}") = "Homework_OOP_6", "Homework_OOP_6\Homework_OOP_6.vcxproj", "{594300D1-9DBA-4E73-B76F-8A51506AB716}"
EndProject
Global
	GlobalSection(SolutionConfigurationPlatforms) = preSolution
		Debug|x64 = Debug|x64
		Debug|x86 = Debug|x86
		Release|x64 = Release|x64
		Release|x86 = Release|x86
	EndGlobalSection
	GlobalSection(ProjectConfigurationPlatforms) = postSolution
		{594300D1-9DBA-4E73-B76F-8A51506AB716}.Debug|x64.ActiveCfg = Debug|x64
		{594300D1-9DBA-4E73-B76F-8A51506AB716}.Debug|x64.Build.0 = Debug|x64
		{594300D1-9DBA-4E73-B76F-8A51506AB716}.Debug|x86.ActiveCfg = Debug|Win32
		{594300D1-9DBA-4E73-B76F-8A51506AB716}.Debug|x86.Build.0 = Debug|Win32
		{594300D1-9DBA-4E73-B76F-8A51506AB716}.Release|x64.ActiveCfg = Release|x64
		{594300D1-9DBA-4E73-B76F-8A51506AB716}.Release|x64.Build.0 = Release|x64
		{594300D1-9DBA-4E73-B76F-8A51506AB716}.Release|x86.ActiveCfg = Release|Win32
		{594300D1-9DBA-4E73-B76F-8A51506AB716}.Release|x86.Build.0 = Release|Win32
	EndGlobalSection
	GlobalSection(SolutionProperties) = preSolution
		HideSolutionNode = FALSE
	EndGlobalSection
	GlobalSection(ExtensibilityGlobals) = postSolution
		SolutionGuid = {197D2003-9D3B-40BF-BB0A-25B6CA3DA402}
	EndGlobalSection
EndGlobal
